<?xml version="1.0" encoding="utf-8"?>
<Project ToolsVersion="4.0" xmlns="http://schemas.microsoft.com/developer/msbuild/2003">
  <ItemGroup>
    <Filter Include="Lists">
      <UniqueIdentifier>{f56c3e7f-8810-47af-a205-65dbcd588405}</UniqueIdentifier>
    </Filter>
    <Filter Include="Exceptions">
      <UniqueIdentifier>{e97d8484-0752-4c17-a1c6-34928897ca79}</UniqueIdentifier>
    </Filter>
    <Filter Include="Identifiables">
      <UniqueIdentifier>{f1914d19-7ff9-40d5-96d5-d0cfbf93f04a}</UniqueIdentifier>
    </Filter>
  </ItemGroup>
  <ItemGroup>
    <ClCompile Include="WrongLoginException.cpp">
      <Filter>Exceptions</Filter>
    </ClCompile>
    <ClCompile Include="DuplicateLoginException.cpp">
      <Filter>Exceptions</Filter>
    </ClCompile>
    <ClCompile Include="WrongProductException.cpp">
      <Filter>Exceptions</Filter>
    </ClCompile>
    <ClCompile Include="ProductList.cpp">
      <Filter>Lists</Filter>
    </ClCompile>
    <ClCompile Include="OperationList.cpp">
      <Filter>Lists</Filter>
    </ClCompile>
    <ClCompile Include="ClientsList.cpp">
      <Filter>Lists</Filter>
    </ClCompile>
    <ClCompile Include="IndividualOperationList.cpp">
      <Filter>Lists</Filter>
    </ClCompile>
    <ClCompile Include="Product.cpp">
      <Filter>Identifiables</Filter>
    </ClCompile>
    <ClCompile Include="Operation.cpp">
      <Filter>Identifiables</Filter>
    </ClCompile>
    <ClCompile Include="ClientInfo.cpp">
      <Filter>Identifiables</Filter>
    </ClCompile>
    <ClCompile Include="UserInput.cpp" />
    <ClCompile Include="User.cpp" />
    <ClCompile Include="Menus.cpp" />
    <ClCompile Include="cursed.cpp" />
    <ClCompile Include="Client.cpp" />
    <ClCompile Include="Admin.cpp" />
    <ClCompile Include="SortHelper.cpp" />
  </ItemGroup>
  <ItemGroup>
    <ClInclude Include="ProductList.h">
      <Filter>Lists</Filter>
    </ClInclude>
    <ClInclude Include="OperationList.h">
      <Filter>Lists</Filter>
    </ClInclude>
    <ClInclude Include="ClientsList.h">
      <Filter>Lists</Filter>
    </ClInclude>
    <ClInclude Include="List.h">
      <Filter>Lists</Filter>
    </ClInclude>
    <ClInclude Include="WrongProductException.h">
      <Filter>Exceptions</Filter>
    </ClInclude>
    <ClInclude Include="DuplicateLoginException.h">
      <Filter>Exceptions</Filter>
    </ClInclude>
    <ClInclude Include="WrongLoginException.h">
      <Filter>Exceptions</Filter>
    </ClInclude>
    <ClInclude Include="IndividualOperationList.h">
      <Filter>Lists</Filter>
    </ClInclude>
    <ClInclude Include="Identifiable.h">
      <Filter>Identifiables</Filter>
    </ClInclude>
    <ClInclude Include="Operation.h">
      <Filter>Identifiables</Filter>
    </ClInclude>
    <ClInclude Include="Product.h">
      <Filter>Identifiables</Filter>
    </ClInclude>
    <ClInclude Include="UserInput.h" />
    <ClInclude Include="Admin.h" />
    <ClInclude Include="ISerializable.h" />
    <ClInclude Include="Menus.h" />
    <ClInclude Include="User.h" />
    <ClInclude Include="Client.h" />
    <ClInclude Include="ClientInfo.h">
      <Filter>Identifiables</Filter>
    </ClInclude>
    <ClInclude Include="SortHelper.h" />
  </ItemGroup>
  <ItemGroup>
    <None Include="ClassDiagram.cd" />
  </ItemGroup>
</Project>